
Microsoft Visual Studio Solution File, Format Version 12.00
# Visual Studio Version 17
VisualStudioVersion = 17.1.32210.238
MinimumVisualStudioVersion = 10.0.40219.1
Project("{FAE04EC0-301F-11D3-BF4B-00C04F79EFBC}") = "Generics", "Generics\Generics.csproj", "{2D2CDFAC-47F8-4C49-B012-8A282430F150}"
EndProject
Global
	GlobalSection(SolutionConfigurationPlatforms) = preSolution
		Debug|Any CPU = Debug|Any CPU
		Release|Any CPU = Release|Any CPU
	EndGlobalSection
	GlobalSection(ProjectConfigurationPlatforms) = postSolution
		{2D2CDFAC-47F8-4C49-B012-8A282430F150}.Debug|Any CPU.ActiveCfg = Debug|Any CPU
		{2D2CDFAC-47F8-4C49-B012-8A282430F150}.Debug|Any CPU.Build.0 = Debug|Any CPU
		{2D2CDFAC-47F8-4C49-B012-8A282430F150}.Release|Any CPU.ActiveCfg = Release|Any CPU
		{2D2CDFAC-47F8-4C49-B012-8A282430F150}.Release|Any CPU.Build.0 = Release|Any CPU
	EndGlobalSection
	GlobalSection(SolutionProperties) = preSolution
		HideSolutionNode = FALSE
	EndGlobalSection
	GlobalSection(ExtensibilityGlobals) = postSolution
		SolutionGuid = {F53878BA-3C55-43C9-B1D2-28538CB2B9DE}
	EndGlobalSection
EndGlobal
